
Microsoft Visual Studio Solution File, Format Version 12.00
# Visual Studio Version 16
VisualStudioVersion = 16.0.29728.190
MinimumVisualStudioVersion = 10.0.40219.1
Project("{9A19103F-16F7-4668-BE54-9A1E7A4F7556}") = "ItAcademyProjecteNET", "ItAcademyProjecteNET\ItAcademyProjecteNET.csproj", "{D995ECAD-155D-4FCB-A1C2-CE08B253C90E}"
EndProject
Project("{9A19103F-16F7-4668-BE54-9A1E7A4F7556}") = "ItAcademyProjecteNET.Lib", "ItAcademyProjecteNET.Lib\ItAcademyProjecteNET.Lib.csproj", "{A2830CB9-FA85-4577-84EB-67F09B19E8E5}"
EndProject
Project("{9A19103F-16F7-4668-BE54-9A1E7A4F7556}") = "ItAcademyProjecteNET.Lib.DAL", "ItAcademyProjecteNET.Lib.DAL\ItAcademyProjecteNET.Lib.DAL.csproj", "{C9F77102-9BCC-4BA2-B1A4-7D126C988DE6}"
EndProject
Project("{9A19103F-16F7-4668-BE54-9A1E7A4F7556}") = "Common.Lib", "Core\Common.Lib\Common.Lib.csproj", "{CE7E348E-73B8-4872-B23C-8AB8D14C3E9F}"
EndProject
Project("{9A19103F-16F7-4668-BE54-9A1E7A4F7556}") = "Common.Lib.DAL.EFCore", "Core\Common.Lib.DAL.EFCore\Common.Lib.DAL.EFCore.csproj", "{50A411B5-E034-4B82-9D98-0475BAC3D209}"
EndProject
Global
	GlobalSection(SolutionConfigurationPlatforms) = preSolution
		Debug|Any CPU = Debug|Any CPU
		Release|Any CPU = Release|Any CPU
	EndGlobalSection
	GlobalSection(ProjectConfigurationPlatforms) = postSolution
		{D995ECAD-155D-4FCB-A1C2-CE08B253C90E}.Debug|Any CPU.ActiveCfg = Debug|Any CPU
		{D995ECAD-155D-4FCB-A1C2-CE08B253C90E}.Debug|Any CPU.Build.0 = Debug|Any CPU
		{D995ECAD-155D-4FCB-A1C2-CE08B253C90E}.Release|Any CPU.ActiveCfg = Release|Any CPU
		{D995ECAD-155D-4FCB-A1C2-CE08B253C90E}.Release|Any CPU.Build.0 = Release|Any CPU
		{A2830CB9-FA85-4577-84EB-67F09B19E8E5}.Debug|Any CPU.ActiveCfg = Debug|Any CPU
		{A2830CB9-FA85-4577-84EB-67F09B19E8E5}.Debug|Any CPU.Build.0 = Debug|Any CPU
		{A2830CB9-FA85-4577-84EB-67F09B19E8E5}.Release|Any CPU.ActiveCfg = Release|Any CPU
		{A2830CB9-FA85-4577-84EB-67F09B19E8E5}.Release|Any CPU.Build.0 = Release|Any CPU
		{C9F77102-9BCC-4BA2-B1A4-7D126C988DE6}.Debug|Any CPU.ActiveCfg = Debug|Any CPU
		{C9F77102-9BCC-4BA2-B1A4-7D126C988DE6}.Debug|Any CPU.Build.0 = Debug|Any CPU
		{C9F77102-9BCC-4BA2-B1A4-7D126C988DE6}.Release|Any CPU.ActiveCfg = Release|Any CPU
		{C9F77102-9BCC-4BA2-B1A4-7D126C988DE6}.Release|Any CPU.Build.0 = Release|Any CPU
		{CE7E348E-73B8-4872-B23C-8AB8D14C3E9F}.Debug|Any CPU.ActiveCfg = Debug|Any CPU
		{CE7E348E-73B8-4872-B23C-8AB8D14C3E9F}.Debug|Any CPU.Build.0 = Debug|Any CPU
		{CE7E348E-73B8-4872-B23C-8AB8D14C3E9F}.Release|Any CPU.ActiveCfg = Release|Any CPU
		{CE7E348E-73B8-4872-B23C-8AB8D14C3E9F}.Release|Any CPU.Build.0 = Release|Any CPU
		{50A411B5-E034-4B82-9D98-0475BAC3D209}.Debug|Any CPU.ActiveCfg = Debug|Any CPU
		{50A411B5-E034-4B82-9D98-0475BAC3D209}.Debug|Any CPU.Build.0 = Debug|Any CPU
		{50A411B5-E034-4B82-9D98-0475BAC3D209}.Release|Any CPU.ActiveCfg = Release|Any CPU
		{50A411B5-E034-4B82-9D98-0475BAC3D209}.Release|Any CPU.Build.0 = Release|Any CPU
	EndGlobalSection
	GlobalSection(SolutionProperties) = preSolution
		HideSolutionNode = FALSE
	EndGlobalSection
	GlobalSection(ExtensibilityGlobals) = postSolution
		SolutionGuid = {F8AA85E1-7E5A-488C-B9A0-96104EA4E848}
	EndGlobalSection
EndGlobal
